
Microsoft Visual Studio Solution File, Format Version 12.00
# Visual Studio Version 16
VisualStudioVersion = 16.0.29519.181
MinimumVisualStudioVersion = 10.0.40219.1
Project("{9A19103F-16F7-4668-BE54-9A1E7A4F7556}") = "WebApp.Exercicio", "WebApp.Exercicio\WebApp.Exercicio.csproj", "{80657C39-E782-4633-B27E-046F74E7FBF8}"
EndProject
Project("{9A19103F-16F7-4668-BE54-9A1E7A4F7556}") = "WebAPI.Identity", "WebAPI.Identity\WebAPI.Identity.csproj", "{8BEDD5A1-CBA4-418F-AED7-D4AD03EFB353}"
EndProject
Project("{9A19103F-16F7-4668-BE54-9A1E7A4F7556}") = "WebAPI.Domain", "WebAPI.Domain\WebAPI.Domain.csproj", "{428BE885-90A5-4D02-BD66-A14DAD5BEF55}"
EndProject
Project("{2150E333-8FDC-42A3-9474-1A3956D46DE8}") = "API", "API", "{4208FA30-9DE9-48B3-870E-70E8B5985001}"
EndProject
Project("{2150E333-8FDC-42A3-9474-1A3956D46DE8}") = "Domain", "Domain", "{243FBACF-F1C6-460E-A26C-793BC56B2460}"
EndProject
Project("{2150E333-8FDC-42A3-9474-1A3956D46DE8}") = "WebAPP", "WebAPP", "{7BB1DBFC-85DB-4B1E-A89A-55169E9A3B22}"
EndProject
Project("{2150E333-8FDC-42A3-9474-1A3956D46DE8}") = "Repository", "Repository", "{DA374BD0-38D3-45B7-8B84-45C919C20897}"
EndProject
Project("{FAE04EC0-301F-11D3-BF4B-00C04F79EFBC}") = "WebAPI.Repository", "WebAPI.Repository\WebAPI.Repository.csproj", "{EC7B193F-703A-4E27-BCB1-4D8BD35824A0}"
EndProject
Global
	GlobalSection(SolutionConfigurationPlatforms) = preSolution
		Debug|Any CPU = Debug|Any CPU
		Release|Any CPU = Release|Any CPU
	EndGlobalSection
	GlobalSection(ProjectConfigurationPlatforms) = postSolution
		{80657C39-E782-4633-B27E-046F74E7FBF8}.Debug|Any CPU.ActiveCfg = Debug|Any CPU
		{80657C39-E782-4633-B27E-046F74E7FBF8}.Debug|Any CPU.Build.0 = Debug|Any CPU
		{80657C39-E782-4633-B27E-046F74E7FBF8}.Release|Any CPU.ActiveCfg = Release|Any CPU
		{80657C39-E782-4633-B27E-046F74E7FBF8}.Release|Any CPU.Build.0 = Release|Any CPU
		{8BEDD5A1-CBA4-418F-AED7-D4AD03EFB353}.Debug|Any CPU.ActiveCfg = Debug|Any CPU
		{8BEDD5A1-CBA4-418F-AED7-D4AD03EFB353}.Debug|Any CPU.Build.0 = Debug|Any CPU
		{8BEDD5A1-CBA4-418F-AED7-D4AD03EFB353}.Release|Any CPU.ActiveCfg = Release|Any CPU
		{8BEDD5A1-CBA4-418F-AED7-D4AD03EFB353}.Release|Any CPU.Build.0 = Release|Any CPU
		{428BE885-90A5-4D02-BD66-A14DAD5BEF55}.Debug|Any CPU.ActiveCfg = Debug|Any CPU
		{428BE885-90A5-4D02-BD66-A14DAD5BEF55}.Debug|Any CPU.Build.0 = Debug|Any CPU
		{428BE885-90A5-4D02-BD66-A14DAD5BEF55}.Release|Any CPU.ActiveCfg = Release|Any CPU
		{428BE885-90A5-4D02-BD66-A14DAD5BEF55}.Release|Any CPU.Build.0 = Release|Any CPU
		{EC7B193F-703A-4E27-BCB1-4D8BD35824A0}.Debug|Any CPU.ActiveCfg = Debug|Any CPU
		{EC7B193F-703A-4E27-BCB1-4D8BD35824A0}.Debug|Any CPU.Build.0 = Debug|Any CPU
		{EC7B193F-703A-4E27-BCB1-4D8BD35824A0}.Release|Any CPU.ActiveCfg = Release|Any CPU
		{EC7B193F-703A-4E27-BCB1-4D8BD35824A0}.Release|Any CPU.Build.0 = Release|Any CPU
	EndGlobalSection
	GlobalSection(SolutionProperties) = preSolution
		HideSolutionNode = FALSE
	EndGlobalSection
	GlobalSection(NestedProjects) = preSolution
		{80657C39-E782-4633-B27E-046F74E7FBF8} = {7BB1DBFC-85DB-4B1E-A89A-55169E9A3B22}
		{8BEDD5A1-CBA4-418F-AED7-D4AD03EFB353} = {4208FA30-9DE9-48B3-870E-70E8B5985001}
		{428BE885-90A5-4D02-BD66-A14DAD5BEF55} = {243FBACF-F1C6-460E-A26C-793BC56B2460}
		{EC7B193F-703A-4E27-BCB1-4D8BD35824A0} = {DA374BD0-38D3-45B7-8B84-45C919C20897}
	EndGlobalSection
	GlobalSection(ExtensibilityGlobals) = postSolution
		SolutionGuid = {1CE67A8C-C509-48A6-A3E4-3EABC38ED1EF}
	EndGlobalSection
EndGlobal
